
Microsoft Visual Studio Solution File, Format Version 11.00
# Visual Studio 2010
Project("{FAE04EC0-301F-11D3-BF4B-00C04F79EFBC}") = "DoAn_QuanLyNhaSach_WS_BLL", "DoAn_QuanLyNhaSach_WS_BLL\DoAn_QuanLyNhaSach_WS_BLL.csproj", "{2B4A0C4E-9140-4653-9F3D-B4E1B131D46E}"
EndProject
Global
	GlobalSection(SolutionConfigurationPlatforms) = preSolution
		Debug|Any CPU = Debug|Any CPU
		Release|Any CPU = Release|Any CPU
	EndGlobalSection
	GlobalSection(ProjectConfigurationPlatforms) = postSolution
		{2B4A0C4E-9140-4653-9F3D-B4E1B131D46E}.Debug|Any CPU.ActiveCfg = Debug|Any CPU
		{2B4A0C4E-9140-4653-9F3D-B4E1B131D46E}.Debug|Any CPU.Build.0 = Debug|Any CPU
		{2B4A0C4E-9140-4653-9F3D-B4E1B131D46E}.Release|Any CPU.ActiveCfg = Release|Any CPU
		{2B4A0C4E-9140-4653-9F3D-B4E1B131D46E}.Release|Any CPU.Build.0 = Release|Any CPU
	EndGlobalSection
	GlobalSection(SolutionProperties) = preSolution
		HideSolutionNode = FALSE
	EndGlobalSection
EndGlobal
